
Microsoft Visual Studio Solution File, Format Version 12.00
# Visual Studio Version 17
VisualStudioVersion = 17.13.35818.85
MinimumVisualStudioVersion = 10.0.40219.1
Project("{FAE04EC0-301F-11D3-BF4B-00C04F79EFBC}") = "Deroes.Core", "Deroes.Core\Deroes.Core.csproj", "{2683E909-15FB-4EEB-8A20-68673BACDB37}"
EndProject
Project("{FAE04EC0-301F-11D3-BF4B-00C04F79EFBC}") = "Deroes.Core.Tests", "Deroes.Tests\Deroes.Core.Tests.csproj", "{371BE44A-3D5B-408F-97E2-08D2225615A5}"
EndProject
Project("{2150E333-8FDC-42A3-9474-1A3956D46DE8}") = "Misc", "Misc", "{02EA681E-C7D8-13C7-8484-4AC65E1B71E8}"
	ProjectSection(SolutionItems) = preProject
		Misc\gold_drop_function.png = Misc\gold_drop_function.png
		Misc\leveling_function.png = Misc\leveling_function.png
		Misc\resist_fire_funcion.png = Misc\resist_fire_funcion.png
		Todo.txt = Todo.txt
	EndProjectSection
EndProject
Project("{FAE04EC0-301F-11D3-BF4B-00C04F79EFBC}") = "Deroes.Game", "Deroes.Game\Deroes.Game.csproj", "{D1B3AF46-77B7-8703-0FAE-1AEE608B94E2}"
EndProject
Global
	GlobalSection(SolutionConfigurationPlatforms) = preSolution
		Debug|Any CPU = Debug|Any CPU
		Release|Any CPU = Release|Any CPU
	EndGlobalSection
	GlobalSection(ProjectConfigurationPlatforms) = postSolution
		{2683E909-15FB-4EEB-8A20-68673BACDB37}.Debug|Any CPU.ActiveCfg = Debug|Any CPU
		{2683E909-15FB-4EEB-8A20-68673BACDB37}.Debug|Any CPU.Build.0 = Debug|Any CPU
		{2683E909-15FB-4EEB-8A20-68673BACDB37}.Release|Any CPU.ActiveCfg = Release|Any CPU
		{2683E909-15FB-4EEB-8A20-68673BACDB37}.Release|Any CPU.Build.0 = Release|Any CPU
		{371BE44A-3D5B-408F-97E2-08D2225615A5}.Debug|Any CPU.ActiveCfg = Debug|Any CPU
		{371BE44A-3D5B-408F-97E2-08D2225615A5}.Debug|Any CPU.Build.0 = Debug|Any CPU
		{371BE44A-3D5B-408F-97E2-08D2225615A5}.Release|Any CPU.ActiveCfg = Release|Any CPU
		{371BE44A-3D5B-408F-97E2-08D2225615A5}.Release|Any CPU.Build.0 = Release|Any CPU
		{D1B3AF46-77B7-8703-0FAE-1AEE608B94E2}.Debug|Any CPU.ActiveCfg = Debug|Any CPU
		{D1B3AF46-77B7-8703-0FAE-1AEE608B94E2}.Debug|Any CPU.Build.0 = Debug|Any CPU
		{D1B3AF46-77B7-8703-0FAE-1AEE608B94E2}.Release|Any CPU.ActiveCfg = ExportDebug|Any CPU
		{D1B3AF46-77B7-8703-0FAE-1AEE608B94E2}.Release|Any CPU.Build.0 = ExportDebug|Any CPU
	EndGlobalSection
	GlobalSection(SolutionProperties) = preSolution
		HideSolutionNode = FALSE
	EndGlobalSection
	GlobalSection(ExtensibilityGlobals) = postSolution
		SolutionGuid = {6C1FF6DF-7F59-48A1-9951-244ED7C0DF32}
	EndGlobalSection
EndGlobal
